
Microsoft Visual Studio Solution File, Format Version 12.00
# Visual Studio 15
VisualStudioVersion = 15.0.26228.9
MinimumVisualStudioVersion = 10.0.40219.1
Project("{FAE04EC0-301F-11D3-BF4B-00C04F79EFBC}") = "launcher_informer", "launcher_informer\launcher_informer.csproj", "{10A12C0D-7197-4025-9B5D-ED1F7EEAAAD0}"
EndProject
Global
	GlobalSection(SolutionConfigurationPlatforms) = preSolution
		Debug|Any CPU = Debug|Any CPU
		Release|Any CPU = Release|Any CPU
	EndGlobalSection
	GlobalSection(ProjectConfigurationPlatforms) = postSolution
		{10A12C0D-7197-4025-9B5D-ED1F7EEAAAD0}.Debug|Any CPU.ActiveCfg = Debug|Any CPU
		{10A12C0D-7197-4025-9B5D-ED1F7EEAAAD0}.Debug|Any CPU.Build.0 = Debug|Any CPU
		{10A12C0D-7197-4025-9B5D-ED1F7EEAAAD0}.Release|Any CPU.ActiveCfg = Release|Any CPU
		{10A12C0D-7197-4025-9B5D-ED1F7EEAAAD0}.Release|Any CPU.Build.0 = Release|Any CPU
	EndGlobalSection
	GlobalSection(SolutionProperties) = preSolution
		HideSolutionNode = FALSE
	EndGlobalSection
EndGlobal
